
Microsoft Visual Studio Solution File, Format Version 12.00
# Visual Studio Version 17
VisualStudioVersion = 17.5.002.0
MinimumVisualStudioVersion = 10.0.40219.1
Project("{9A19103F-16F7-4668-BE54-9A1E7A4F7556}") = "SignInClick", "SignInClick.csproj", "{23DBDDD9-B07F-42F1-83F1-E22DAEA133BD}"
EndProject
Global
	GlobalSection(SolutionConfigurationPlatforms) = preSolution
		Debug|Any CPU = Debug|Any CPU
		Release|Any CPU = Release|Any CPU
	EndGlobalSection
	GlobalSection(ProjectConfigurationPlatforms) = postSolution
		{23DBDDD9-B07F-42F1-83F1-E22DAEA133BD}.Debug|Any CPU.ActiveCfg = Debug|Any CPU
		{23DBDDD9-B07F-42F1-83F1-E22DAEA133BD}.Debug|Any CPU.Build.0 = Debug|Any CPU
		{23DBDDD9-B07F-42F1-83F1-E22DAEA133BD}.Release|Any CPU.ActiveCfg = Release|Any CPU
		{23DBDDD9-B07F-42F1-83F1-E22DAEA133BD}.Release|Any CPU.Build.0 = Release|Any CPU
	EndGlobalSection
	GlobalSection(SolutionProperties) = preSolution
		HideSolutionNode = FALSE
	EndGlobalSection
	GlobalSection(ExtensibilityGlobals) = postSolution
		SolutionGuid = {8BFE506A-4BD6-4908-9285-61DB5FDEFBEA}
	EndGlobalSection
EndGlobal
